<?xml version="1.0" encoding="utf-8"?>
<Project ToolsVersion="4.0" xmlns="http://schemas.microsoft.com/developer/msbuild/2003">
  <ItemGroup>
    <Filter Include="Source Files">
      <UniqueIdentifier>{4FC737F1-C7A5-4376-A066-2A32D752A2FF}</UniqueIdentifier>
      <Extensions>cpp;c;cc;cxx;def;odl;idl;hpj;bat;asm;asmx</Extensions>
    </Filter>
    <Filter Include="Header Files">
      <UniqueIdentifier>{93995380-89BD-4b04-88EB-625FBE52EBFB}</UniqueIdentifier>
      <Extensions>h;hpp;hxx;hm;inl;inc;xsd</Extensions>
    </Filter>
    <Filter Include="Resource Files">
      <UniqueIdentifier>{67DA6AB6-F800-4c08-8B7A-83BB121AAD01}</UniqueIdentifier>
      <Extensions>rc;ico;cur;bmp;dlg;rc2;rct;bin;rgs;gif;jpg;jpeg;jpe;resx;tiff;tif;png;wav</Extensions>
    </Filter>
  </ItemGroup>
  <ItemGroup>
    <ClCompile Include="ASMICDecoder.cpp">
      <Filter>Source Files</Filter>
    </ClCompile>
    <ClCompile Include="BlitzDecoder.cpp">
      <Filter>Source Files</Filter>
    </ClCompile>
    <ClCompile Include="FLA2Decoder.cpp">
      <Filter>Source Files</Filter>
    </ClCompile>
    <ClCompile Include="flzh_rn.cpp">
      <Filter>Source Files</Filter>
    </ClCompile>
    <ClCompile Include="GECompression.cpp">
      <Filter>Source Files</Filter>
    </ClCompile>
    <ClCompile Include="H20Decoder.cpp">
      <Filter>Source Files</Filter>
    </ClCompile>
    <ClCompile Include="LZARIDecoder.cpp">
      <Filter>Source Files</Filter>
    </ClCompile>
    <ClCompile Include="MarioTennisDecoder.cpp">
      <Filter>Source Files</Filter>
    </ClCompile>
    <ClCompile Include="MidiParse.cpp">
      <Filter>Source Files</Filter>
    </ClCompile>
    <ClCompile Include="MidwayDecoder.cpp">
      <Filter>Source Files</Filter>
    </ClCompile>
    <ClCompile Include="n643docompression.cpp">
      <Filter>Source Files</Filter>
    </ClCompile>
    <ClCompile Include="NaganoDecoder.cpp">
      <Filter>Source Files</Filter>
    </ClCompile>
    <ClCompile Include="NintendoEncoder.cpp">
      <Filter>Source Files</Filter>
    </ClCompile>
    <ClCompile Include="rnc_deco.cpp">
      <Filter>Source Files</Filter>
    </ClCompile>
    <ClCompile Include="RugratsDecoder.cpp">
      <Filter>Source Files</Filter>
    </ClCompile>
    <ClCompile Include="SharedFunctions.cpp">
      <Filter>Source Files</Filter>
    </ClCompile>
    <ClCompile Include="SnowDecoder.cpp">
      <Filter>Source Files</Filter>
    </ClCompile>
    <ClCompile Include="stdafx.cpp">
      <Filter>Source Files</Filter>
    </ClCompile>
    <ClCompile Include="SupermanDecoder.cpp">
      <Filter>Source Files</Filter>
    </ClCompile>
    <ClCompile Include="TetrisphereDecoder.cpp">
      <Filter>Source Files</Filter>
    </ClCompile>
    <ClCompile Include="TigDecoder.cpp">
      <Filter>Source Files</Filter>
    </ClCompile>
    <ClCompile Include="VigilanteDecoder.cpp">
      <Filter>Source Files</Filter>
    </ClCompile>
    <ClCompile Include="yay0.cpp">
      <Filter>Source Files</Filter>
    </ClCompile>
    <ClCompile Include="yaz0.cpp">
      <Filter>Source Files</Filter>
    </ClCompile>
  </ItemGroup>
  <ItemGroup>
    <ClInclude Include="ASMICDecoder.h">
      <Filter>Header Files</Filter>
    </ClInclude>
    <ClInclude Include="BlitzDecoder.h">
      <Filter>Header Files</Filter>
    </ClInclude>
    <ClInclude Include="FLA2Decoder.h">
      <Filter>Header Files</Filter>
    </ClInclude>
    <ClInclude Include="flzh_rn.h">
      <Filter>Header Files</Filter>
    </ClInclude>
    <ClInclude Include="GECompression.h">
      <Filter>Header Files</Filter>
    </ClInclude>
    <ClInclude Include="H20Decoder.h">
      <Filter>Header Files</Filter>
    </ClInclude>
    <ClInclude Include="LZARIDecoder.h">
      <Filter>Header Files</Filter>
    </ClInclude>
    <ClInclude Include="MarioTennisDecoder.h">
      <Filter>Header Files</Filter>
    </ClInclude>
    <ClInclude Include="MidiExports.h">
      <Filter>Header Files</Filter>
    </ClInclude>
    <ClInclude Include="MidiParse.h">
      <Filter>Header Files</Filter>
    </ClInclude>
    <ClInclude Include="MidwayDecoder.h">
      <Filter>Header Files</Filter>
    </ClInclude>
    <ClInclude Include="n643docompression.h">
      <Filter>Header Files</Filter>
    </ClInclude>
    <ClInclude Include="NaganoDecoder.h">
      <Filter>Header Files</Filter>
    </ClInclude>
    <ClInclude Include="NintendoEncoder.h">
      <Filter>Header Files</Filter>
    </ClInclude>
    <ClInclude Include="Resource.h">
      <Filter>Header Files</Filter>
    </ClInclude>
    <ClInclude Include="rnc_deco.h">
      <Filter>Header Files</Filter>
    </ClInclude>
    <ClInclude Include="RugratsDecoder.h">
      <Filter>Header Files</Filter>
    </ClInclude>
    <ClInclude Include="SharedFunctions.h">
      <Filter>Header Files</Filter>
    </ClInclude>
    <ClInclude Include="SnowDecoder.h">
      <Filter>Header Files</Filter>
    </ClInclude>
    <ClInclude Include="stdafx.h">
      <Filter>Header Files</Filter>
    </ClInclude>
    <ClInclude Include="SupermanDecoder.h">
      <Filter>Header Files</Filter>
    </ClInclude>
    <ClInclude Include="targetver.h">
      <Filter>Header Files</Filter>
    </ClInclude>
    <ClInclude Include="TetrisphereDecoder.h">
      <Filter>Header Files</Filter>
    </ClInclude>
    <ClInclude Include="TigDecoder.h">
      <Filter>Header Files</Filter>
    </ClInclude>
    <ClInclude Include="VigilanteDecoder.h">
      <Filter>Header Files</Filter>
    </ClInclude>
    <ClInclude Include="yay0.h">
      <Filter>Header Files</Filter>
    </ClInclude>
    <ClInclude Include="yaz0.h">
      <Filter>Header Files</Filter>
    </ClInclude>
  </ItemGroup>
  <ItemGroup>
    <ResourceCompile Include="N64MidiLibrary.rc">
      <Filter>Resource Files</Filter>
    </ResourceCompile>
  </ItemGroup>
  <ItemGroup>
    <None Include="res\N64MidiLibrary.rc2">
      <Filter>Resource Files</Filter>
    </None>
  </ItemGroup>
  <ItemGroup>
    <Text Include="ReadMe.txt" />
  </ItemGroup>
</Project>